{
  "name": "bjorsq",
  "version": "0.0.1",
  "lockfileVersion": 2,
  "requires": true,
  "packages": {
    "": {
      "name": "bjorsq",
      "version": "0.0.1",
      "license": "MIT",
      "devDependencies": {
        "flexbin": "^0.2.0"
      }
    },
    "node_modules/flexbin": {
      "version": "0.2.0",
      "resolved": "https://registry.npmjs.org/flexbin/-/flexbin-0.2.0.tgz",
      "integrity": "sha512-dgCeT6/oVljr0eao0f7Eg2VXutK/+rp02J6Nkw22uTTFE4HSC7zfYRzjuy2/r0dhr/sUBRMJM2tMyOCi+HeU+A==",
      "dev": true
    }
  },
  "dependencies": {
    "flexbin": {
      "version": "0.2.0",
      "resolved": "https://registry.npmjs.org/flexbin/-/flexbin-0.2.0.tgz",
      "integrity": "sha512-dgCeT6/oVljr0eao0f7Eg2VXutK/+rp02J6Nkw22uTTFE4HSC7zfYRzjuy2/r0dhr/sUBRMJM2tMyOCi+HeU+A==",
      "dev": true
    }
  }
}
